
Microsoft Visual Studio Solution File, Format Version 12.00
# Visual Studio 15
VisualStudioVersion = 15.0.28307.168
MinimumVisualStudioVersion = 10.0.40219.1
Project("{9A19103F-16F7-4668-BE54-9A1E7A4F7556}") = "lab8-LINQ", "lab8-LINQ\lab8-LINQ.csproj", "{0E2D6AC5-485D-46E9-99F6-50B0069D9FEE}"
EndProject
Global
	GlobalSection(SolutionConfigurationPlatforms) = preSolution
		Debug|Any CPU = Debug|Any CPU
		Release|Any CPU = Release|Any CPU
	EndGlobalSection
	GlobalSection(ProjectConfigurationPlatforms) = postSolution
		{0E2D6AC5-485D-46E9-99F6-50B0069D9FEE}.Debug|Any CPU.ActiveCfg = Debug|Any CPU
		{0E2D6AC5-485D-46E9-99F6-50B0069D9FEE}.Debug|Any CPU.Build.0 = Debug|Any CPU
		{0E2D6AC5-485D-46E9-99F6-50B0069D9FEE}.Release|Any CPU.ActiveCfg = Release|Any CPU
		{0E2D6AC5-485D-46E9-99F6-50B0069D9FEE}.Release|Any CPU.Build.0 = Release|Any CPU
	EndGlobalSection
	GlobalSection(SolutionProperties) = preSolution
		HideSolutionNode = FALSE
	EndGlobalSection
	GlobalSection(ExtensibilityGlobals) = postSolution
		SolutionGuid = {DA392B20-6ABB-4B08-9347-5FB6F00156A0}
	EndGlobalSection
EndGlobal
