
Microsoft Visual Studio Solution File, Format Version 12.00
# Visual Studio 15
VisualStudioVersion = 15.0.28307.168
MinimumVisualStudioVersion = 10.0.40219.1
Project("{FAE04EC0-301F-11D3-BF4B-00C04F79EFBC}") = "lab8-LINQ", "lab8-LINQ\lab8-LINQ.csproj", "{0E2D6AC5-485D-46E9-99F6-50B0069D9FEE}"
EndProject
Project("{2150E333-8FDC-42A3-9474-1A3956D46DE8}") = "Solution Items", "Solution Items", "{98545CB1-09B1-42DA-8899-5F8E2ACEEA29}"
	ProjectSection(SolutionItems) = preProject
		\\Mac\Home\Downloads\data.json = \\Mac\Home\Downloads\data.json
	EndProjectSection
EndProject
Global
	GlobalSection(SolutionConfigurationPlatforms) = preSolution
		Debug|Any CPU = Debug|Any CPU
		Release|Any CPU = Release|Any CPU
	EndGlobalSection
	GlobalSection(ProjectConfigurationPlatforms) = postSolution
		{0E2D6AC5-485D-46E9-99F6-50B0069D9FEE}.Debug|Any CPU.ActiveCfg = Debug|Any CPU
		{0E2D6AC5-485D-46E9-99F6-50B0069D9FEE}.Debug|Any CPU.Build.0 = Debug|Any CPU
		{0E2D6AC5-485D-46E9-99F6-50B0069D9FEE}.Release|Any CPU.ActiveCfg = Release|Any CPU
		{0E2D6AC5-485D-46E9-99F6-50B0069D9FEE}.Release|Any CPU.Build.0 = Release|Any CPU
	EndGlobalSection
	GlobalSection(SolutionProperties) = preSolution
		HideSolutionNode = FALSE
	EndGlobalSection
	GlobalSection(ExtensibilityGlobals) = postSolution
		SolutionGuid = {DA392B20-6ABB-4B08-9347-5FB6F00156A0}
	EndGlobalSection
EndGlobal
